
Microsoft Visual Studio Solution File, Format Version 12.00
# Visual Studio Version 17
VisualStudioVersion = 17.6.33815.320
MinimumVisualStudioVersion = 10.0.40219.1
Project("{FAE04EC0-301F-11D3-BF4B-00C04F79EFBC}") = "FIT5032_MyDatabaseFirst", "FIT5032_MyDatabaseFirst\FIT5032_MyDatabaseFirst.csproj", "{E2D644B2-FF92-43BB-89A6-0C8A0513F120}"
EndProject
Global
	GlobalSection(SolutionConfigurationPlatforms) = preSolution
		Debug|Any CPU = Debug|Any CPU
		Release|Any CPU = Release|Any CPU
	EndGlobalSection
	GlobalSection(ProjectConfigurationPlatforms) = postSolution
		{E2D644B2-FF92-43BB-89A6-0C8A0513F120}.Debug|Any CPU.ActiveCfg = Debug|Any CPU
		{E2D644B2-FF92-43BB-89A6-0C8A0513F120}.Debug|Any CPU.Build.0 = Debug|Any CPU
		{E2D644B2-FF92-43BB-89A6-0C8A0513F120}.Release|Any CPU.ActiveCfg = Release|Any CPU
		{E2D644B2-FF92-43BB-89A6-0C8A0513F120}.Release|Any CPU.Build.0 = Release|Any CPU
	EndGlobalSection
	GlobalSection(SolutionProperties) = preSolution
		HideSolutionNode = FALSE
	EndGlobalSection
	GlobalSection(ExtensibilityGlobals) = postSolution
		SolutionGuid = {8E29AD8B-F3AD-4F2D-8E43-0112F73FD909}
	EndGlobalSection
EndGlobal
